
Microsoft Visual Studio Solution File, Format Version 12.00
# Visual Studio 14
VisualStudioVersion = 14.0.25123.0
MinimumVisualStudioVersion = 10.0.40219.1
Project("{FAE04EC0-301F-11D3-BF4B-00C04F79EFBC}") = "Introducao", "CursoCSharp\Introducao.csproj", "{D5ADF1B1-7A33-4118-993F-0986A21AAE6F}"
EndProject
Project("{FAE04EC0-301F-11D3-BF4B-00C04F79EFBC}") = "Variaveis", "Variaveis\Variaveis.csproj", "{2CF94F4C-ED11-4F6F-818A-E7946FECCE7B}"
EndProject
Project("{FAE04EC0-301F-11D3-BF4B-00C04F79EFBC}") = "ConcatenandoVariaveis", "ConcatenandoVariaveis\ConcatenandoVariaveis.csproj", "{A11EB187-108B-4077-9A3C-33956D150A57}"
EndProject
Project("{FAE04EC0-301F-11D3-BF4B-00C04F79EFBC}") = "Calculos", "Calculos\Calculos.csproj", "{7BE033D5-93D9-4F51-940E-297F633CBDAE}"
EndProject
Project("{FAE04EC0-301F-11D3-BF4B-00C04F79EFBC}") = "Condicoes", "Condicoes\Condicoes.csproj", "{C02F6BA2-238D-4D32-93D6-C76F40E6B6F4}"
EndProject
Project("{FAE04EC0-301F-11D3-BF4B-00C04F79EFBC}") = "Switch", "Switch\Switch.csproj", "{FEE52FCE-E77E-4FB7-8A9C-4D21202A22B1}"
EndProject
Project("{FAE04EC0-301F-11D3-BF4B-00C04F79EFBC}") = "ForArray", "While\ForArray.csproj", "{C6CB9E1A-2678-4E91-96EA-25F787B011DE}"
EndProject
Project("{FAE04EC0-301F-11D3-BF4B-00C04F79EFBC}") = "Array", "Array\Array.csproj", "{DF619C6C-0021-497E-A9CD-7343C6426DE6}"
EndProject
Project("{FAE04EC0-301F-11D3-BF4B-00C04F79EFBC}") = "CarregamentoDeImagens", "WindowsFormsApplication1\CarregamentoDeImagens.csproj", "{8D89006A-9A23-4613-B3DA-9E6E3A0806CE}"
EndProject
Project("{FAE04EC0-301F-11D3-BF4B-00C04F79EFBC}") = "TesteBotao", "TesteBotao\TesteBotao.csproj", "{920298E4-AD48-4177-9C32-632148599AC9}"
EndProject
Global
	GlobalSection(SolutionConfigurationPlatforms) = preSolution
		Debug|Any CPU = Debug|Any CPU
		Release|Any CPU = Release|Any CPU
	EndGlobalSection
	GlobalSection(ProjectConfigurationPlatforms) = postSolution
		{D5ADF1B1-7A33-4118-993F-0986A21AAE6F}.Debug|Any CPU.ActiveCfg = Debug|Any CPU
		{D5ADF1B1-7A33-4118-993F-0986A21AAE6F}.Debug|Any CPU.Build.0 = Debug|Any CPU
		{D5ADF1B1-7A33-4118-993F-0986A21AAE6F}.Release|Any CPU.ActiveCfg = Release|Any CPU
		{D5ADF1B1-7A33-4118-993F-0986A21AAE6F}.Release|Any CPU.Build.0 = Release|Any CPU
		{2CF94F4C-ED11-4F6F-818A-E7946FECCE7B}.Debug|Any CPU.ActiveCfg = Debug|Any CPU
		{2CF94F4C-ED11-4F6F-818A-E7946FECCE7B}.Debug|Any CPU.Build.0 = Debug|Any CPU
		{2CF94F4C-ED11-4F6F-818A-E7946FECCE7B}.Release|Any CPU.ActiveCfg = Release|Any CPU
		{2CF94F4C-ED11-4F6F-818A-E7946FECCE7B}.Release|Any CPU.Build.0 = Release|Any CPU
		{A11EB187-108B-4077-9A3C-33956D150A57}.Debug|Any CPU.ActiveCfg = Debug|Any CPU
		{A11EB187-108B-4077-9A3C-33956D150A57}.Debug|Any CPU.Build.0 = Debug|Any CPU
		{A11EB187-108B-4077-9A3C-33956D150A57}.Release|Any CPU.ActiveCfg = Release|Any CPU
		{A11EB187-108B-4077-9A3C-33956D150A57}.Release|Any CPU.Build.0 = Release|Any CPU
		{7BE033D5-93D9-4F51-940E-297F633CBDAE}.Debug|Any CPU.ActiveCfg = Debug|Any CPU
		{7BE033D5-93D9-4F51-940E-297F633CBDAE}.Debug|Any CPU.Build.0 = Debug|Any CPU
		{7BE033D5-93D9-4F51-940E-297F633CBDAE}.Release|Any CPU.ActiveCfg = Release|Any CPU
		{7BE033D5-93D9-4F51-940E-297F633CBDAE}.Release|Any CPU.Build.0 = Release|Any CPU
		{C02F6BA2-238D-4D32-93D6-C76F40E6B6F4}.Debug|Any CPU.ActiveCfg = Debug|Any CPU
		{C02F6BA2-238D-4D32-93D6-C76F40E6B6F4}.Debug|Any CPU.Build.0 = Debug|Any CPU
		{C02F6BA2-238D-4D32-93D6-C76F40E6B6F4}.Release|Any CPU.ActiveCfg = Release|Any CPU
		{C02F6BA2-238D-4D32-93D6-C76F40E6B6F4}.Release|Any CPU.Build.0 = Release|Any CPU
		{FEE52FCE-E77E-4FB7-8A9C-4D21202A22B1}.Debug|Any CPU.ActiveCfg = Debug|Any CPU
		{FEE52FCE-E77E-4FB7-8A9C-4D21202A22B1}.Debug|Any CPU.Build.0 = Debug|Any CPU
		{FEE52FCE-E77E-4FB7-8A9C-4D21202A22B1}.Release|Any CPU.ActiveCfg = Release|Any CPU
		{FEE52FCE-E77E-4FB7-8A9C-4D21202A22B1}.Release|Any CPU.Build.0 = Release|Any CPU
		{C6CB9E1A-2678-4E91-96EA-25F787B011DE}.Debug|Any CPU.ActiveCfg = Debug|Any CPU
		{C6CB9E1A-2678-4E91-96EA-25F787B011DE}.Debug|Any CPU.Build.0 = Debug|Any CPU
		{C6CB9E1A-2678-4E91-96EA-25F787B011DE}.Release|Any CPU.ActiveCfg = Release|Any CPU
		{C6CB9E1A-2678-4E91-96EA-25F787B011DE}.Release|Any CPU.Build.0 = Release|Any CPU
		{DF619C6C-0021-497E-A9CD-7343C6426DE6}.Debug|Any CPU.ActiveCfg = Debug|Any CPU
		{DF619C6C-0021-497E-A9CD-7343C6426DE6}.Debug|Any CPU.Build.0 = Debug|Any CPU
		{DF619C6C-0021-497E-A9CD-7343C6426DE6}.Release|Any CPU.ActiveCfg = Release|Any CPU
		{DF619C6C-0021-497E-A9CD-7343C6426DE6}.Release|Any CPU.Build.0 = Release|Any CPU
		{8D89006A-9A23-4613-B3DA-9E6E3A0806CE}.Debug|Any CPU.ActiveCfg = Debug|Any CPU
		{8D89006A-9A23-4613-B3DA-9E6E3A0806CE}.Debug|Any CPU.Build.0 = Debug|Any CPU
		{8D89006A-9A23-4613-B3DA-9E6E3A0806CE}.Release|Any CPU.ActiveCfg = Release|Any CPU
		{8D89006A-9A23-4613-B3DA-9E6E3A0806CE}.Release|Any CPU.Build.0 = Release|Any CPU
		{920298E4-AD48-4177-9C32-632148599AC9}.Debug|Any CPU.ActiveCfg = Debug|Any CPU
		{920298E4-AD48-4177-9C32-632148599AC9}.Debug|Any CPU.Build.0 = Debug|Any CPU
		{920298E4-AD48-4177-9C32-632148599AC9}.Release|Any CPU.ActiveCfg = Release|Any CPU
		{920298E4-AD48-4177-9C32-632148599AC9}.Release|Any CPU.Build.0 = Release|Any CPU
	EndGlobalSection
	GlobalSection(SolutionProperties) = preSolution
		HideSolutionNode = FALSE
	EndGlobalSection
EndGlobal
